PODS:
  - JBPersistenceStore-Protocols (0.2.3):
    - ValueCoding (~> 2.1)
  - ValueCoding (2.1.0)

DEPENDENCIES:
  - JBPersistenceStore-Protocols (from `../`)

EXTERNAL SOURCES:
  JBPersistenceStore-Protocols:
    :path: "../"

SPEC CHECKSUMS:
  JBPersistenceStore-Protocols: fb3e988247373274c2b0cb7dec321dd3fc63fba1
  ValueCoding: f18cd2f0c941c43e06669717ca25aeed02d702a9

PODFILE CHECKSUM: c5a4f560204cb4f32ed54daef7e8fcf34fde1b3b

COCOAPODS: 1.1.0.rc.2
